
Microsoft Visual Studio Solution File, Format Version 12.00
# Visual Studio Version 17
VisualStudioVersion = 17.13.35931.197
MinimumVisualStudioVersion = 10.0.40219.1
Project("{54A90642-561A-4BB1-A94E-469ADEE60C69}") = "mschat.webclient", "mschat.webclient\mschat.webclient.esproj", "{D75C4189-7216-8A5A-5996-67D3EBD26882}"
EndProject
Project("{FAE04EC0-301F-11D3-BF4B-00C04F79EFBC}") = "MSChat.WebBFF", "MSChat.WebBFF\MSChat.WebBFF.csproj", "{ECE6D834-72B4-4A92-BED4-1ADF244F2347}"
EndProject
Project("{FAE04EC0-301F-11D3-BF4B-00C04F79EFBC}") = "MSChat.Auth", "MSChat.Auth\MSChat.Auth.csproj", "{C4A669DC-9DF2-4678-9F27-60E09E9810A7}"
EndProject
Project("{2150E333-8FDC-42A3-9474-1A3956D46DE8}") = "Элементы решения", "Элементы решения", "{754FC069-D67B-A9D7-50A1-8D1CA196D8F1}"
	ProjectSection(SolutionItems) = preProject
		docker-compose.yml = docker-compose.yml
	EndProjectSection
EndProject
Project("{FAE04EC0-301F-11D3-BF4B-00C04F79EFBC}") = "MSChat.ChatAPI", "MSChat.ChatAPI\MSChat.ChatAPI.csproj", "{E2AEB930-2A7A-4352-B620-DCE6ADF3C1F2}"
EndProject
Project("{FAE04EC0-301F-11D3-BF4B-00C04F79EFBC}") = "MSChat.Shared", "MSChat.Shared\MSChat.Shared.csproj", "{1664854A-7E68-482F-8DBE-662D05DFDEC5}"
EndProject
Project("{FAE04EC0-301F-11D3-BF4B-00C04F79EFBC}") = "MSChat.PresenceAPI", "MSChat.PresenceAPI\MSChat.PresenceAPI.csproj", "{11C02D6A-5744-467A-9F0F-9B2DAA346996}"
EndProject
Project("{FAE04EC0-301F-11D3-BF4B-00C04F79EFBC}") = "MSChat.NotificationWorker", "MSChat.NotificationWorker\MSChat.NotificationWorker.csproj", "{918673EB-4642-488D-9924-7CDAC03B163A}"
EndProject
Global
	GlobalSection(SolutionConfigurationPlatforms) = preSolution
		Debug|Any CPU = Debug|Any CPU
		Release|Any CPU = Release|Any CPU
	EndGlobalSection
	GlobalSection(ProjectConfigurationPlatforms) = postSolution
		{D75C4189-7216-8A5A-5996-67D3EBD26882}.Debug|Any CPU.ActiveCfg = Debug|Any CPU
		{D75C4189-7216-8A5A-5996-67D3EBD26882}.Debug|Any CPU.Build.0 = Debug|Any CPU
		{D75C4189-7216-8A5A-5996-67D3EBD26882}.Debug|Any CPU.Deploy.0 = Debug|Any CPU
		{D75C4189-7216-8A5A-5996-67D3EBD26882}.Release|Any CPU.ActiveCfg = Release|Any CPU
		{D75C4189-7216-8A5A-5996-67D3EBD26882}.Release|Any CPU.Build.0 = Release|Any CPU
		{D75C4189-7216-8A5A-5996-67D3EBD26882}.Release|Any CPU.Deploy.0 = Release|Any CPU
		{ECE6D834-72B4-4A92-BED4-1ADF244F2347}.Debug|Any CPU.ActiveCfg = Debug|Any CPU
		{ECE6D834-72B4-4A92-BED4-1ADF244F2347}.Debug|Any CPU.Build.0 = Debug|Any CPU
		{ECE6D834-72B4-4A92-BED4-1ADF244F2347}.Release|Any CPU.ActiveCfg = Release|Any CPU
		{ECE6D834-72B4-4A92-BED4-1ADF244F2347}.Release|Any CPU.Build.0 = Release|Any CPU
		{C4A669DC-9DF2-4678-9F27-60E09E9810A7}.Debug|Any CPU.ActiveCfg = Debug|Any CPU
		{C4A669DC-9DF2-4678-9F27-60E09E9810A7}.Debug|Any CPU.Build.0 = Debug|Any CPU
		{C4A669DC-9DF2-4678-9F27-60E09E9810A7}.Release|Any CPU.ActiveCfg = Release|Any CPU
		{C4A669DC-9DF2-4678-9F27-60E09E9810A7}.Release|Any CPU.Build.0 = Release|Any CPU
		{E2AEB930-2A7A-4352-B620-DCE6ADF3C1F2}.Debug|Any CPU.ActiveCfg = Debug|Any CPU
		{E2AEB930-2A7A-4352-B620-DCE6ADF3C1F2}.Debug|Any CPU.Build.0 = Debug|Any CPU
		{E2AEB930-2A7A-4352-B620-DCE6ADF3C1F2}.Release|Any CPU.ActiveCfg = Release|Any CPU
		{E2AEB930-2A7A-4352-B620-DCE6ADF3C1F2}.Release|Any CPU.Build.0 = Release|Any CPU
		{1664854A-7E68-482F-8DBE-662D05DFDEC5}.Debug|Any CPU.ActiveCfg = Debug|Any CPU
		{1664854A-7E68-482F-8DBE-662D05DFDEC5}.Debug|Any CPU.Build.0 = Debug|Any CPU
		{1664854A-7E68-482F-8DBE-662D05DFDEC5}.Release|Any CPU.ActiveCfg = Release|Any CPU
		{1664854A-7E68-482F-8DBE-662D05DFDEC5}.Release|Any CPU.Build.0 = Release|Any CPU
		{11C02D6A-5744-467A-9F0F-9B2DAA346996}.Debug|Any CPU.ActiveCfg = Debug|Any CPU
		{11C02D6A-5744-467A-9F0F-9B2DAA346996}.Debug|Any CPU.Build.0 = Debug|Any CPU
		{11C02D6A-5744-467A-9F0F-9B2DAA346996}.Release|Any CPU.ActiveCfg = Release|Any CPU
		{11C02D6A-5744-467A-9F0F-9B2DAA346996}.Release|Any CPU.Build.0 = Release|Any CPU
		{918673EB-4642-488D-9924-7CDAC03B163A}.Debug|Any CPU.ActiveCfg = Debug|Any CPU
		{918673EB-4642-488D-9924-7CDAC03B163A}.Debug|Any CPU.Build.0 = Debug|Any CPU
		{918673EB-4642-488D-9924-7CDAC03B163A}.Release|Any CPU.ActiveCfg = Release|Any CPU
		{918673EB-4642-488D-9924-7CDAC03B163A}.Release|Any CPU.Build.0 = Release|Any CPU
	EndGlobalSection
	GlobalSection(SolutionProperties) = preSolution
		HideSolutionNode = FALSE
	EndGlobalSection
	GlobalSection(ExtensibilityGlobals) = postSolution
		SolutionGuid = {8D731E80-949B-4ED9-8A4E-9491BCA311F6}
	EndGlobalSection
EndGlobal
